# This file is automatically @generated by Poetry 2.0.1 and should not be changed by hand.

[[package]]
name = "spirecomm"
version = "0.6.0"
description = "A package for interfacing with Slay the Spire through Communication Mod"
optional = false
python-versions = "*"
groups = ["main"]
files = []
develop = false

[package.source]
type = "git"
url = "https://github.com/ForgottenArbiter/spirecomm.git"
reference = "master"
resolved_reference = "f308452dcdef1e4813e5a78fa7a36f9a779058f9"

[metadata]
lock-version = "2.1"
python-versions = ">=3.11"
content-hash = "88cc7d59acb49a423b092ba9954bb970ba1e6ca31272d67c3104f91c1180c433"
